// !$*UTF8*$!
{
	archiveVersion = 1;
	classes = {
	};
	objectVersion = 46;
	objects = {

/* Begin PBXBuildFile section */
		E30227BA1E967D5300FF542C /* main.cpp in Sources */ = {isa = PBXBuildFile; fileRef = E30227B91E967D5300FF542C /* main.cpp */; };
		E30227F11E967D8B00FF542C /* libopencv_calib3d.3.2.0.dylib in Frameworks */ = {isa = PBXBuildFile; fileRef = E30227C11E967D8B00FF542C /* libopencv_calib3d.3.2.0.dylib */; };
		E30227F21E967D8B00FF542C /* libopencv_calib3d.3.2.0.dylib in Frameworks */ = {isa = PBXBuildFile; fileRef = E30227C21E967D8B00FF542C /* libopencv_calib3d.3.2.0.dylib */; };
		E30227F31E967D8B00FF542C /* libopencv_calib3d.3.2.0.dylib in Frameworks */ = {isa = PBXBuildFile; fileRef = E30227C31E967D8B00FF542C /* libopencv_calib3d.3.2.0.dylib */; };
		E30227F41E967D8B00FF542C /* libopencv_core.3.2.0.dylib in Frameworks */ = {isa = PBXBuildFile; fileRef = E30227C41E967D8B00FF542C /* libopencv_core.3.2.0.dylib */; };
		E30227F51E967D8B00FF542C /* libopencv_core.3.2.0.dylib in Frameworks */ = {isa = PBXBuildFile; fileRef = E30227C51E967D8B00FF542C /* libopencv_core.3.2.0.dylib */; };
		E30227F61E967D8B00FF542C /* libopencv_core.3.2.0.dylib in Frameworks */ = {isa = PBXBuildFile; fileRef = E30227C61E967D8B00FF542C /* libopencv_core.3.2.0.dylib */; };
		E30227F71E967D8B00FF542C /* libopencv_features2d.3.2.0.dylib in Frameworks */ = {isa = PBXBuildFile; fileRef = E30227C71E967D8B00FF542C /* libopencv_features2d.3.2.0.dylib */; };
		E30227F81E967D8B00FF542C /* libopencv_features2d.3.2.0.dylib in Frameworks */ = {isa = PBXBuildFile; fileRef = E30227C81E967D8B00FF542C /* libopencv_features2d.3.2.0.dylib */; };
		E30227F91E967D8B00FF542C /* libopencv_features2d.3.2.0.dylib in Frameworks */ = {isa = PBXBuildFile; fileRef = E30227C91E967D8B00FF542C /* libopencv_features2d.3.2.0.dylib */; };
		E30227FA1E967D8B00FF542C /* libopencv_flann.3.2.0.dylib in Frameworks */ = {isa = PBXBuildFile; fileRef = E30227CA1E967D8B00FF542C /* libopencv_flann.3.2.0.dylib */; };
		E30227FB1E967D8B00FF542C /* libopencv_flann.3.2.0.dylib in Frameworks */ = {isa = PBXBuildFile; fileRef = E30227CB1E967D8B00FF542C /* libopencv_flann.3.2.0.dylib */; };
		E30227FC1E967D8B00FF542C /* libopencv_flann.3.2.0.dylib in Frameworks */ = {isa = PBXBuildFile; fileRef = E30227CC1E967D8B00FF542C /* libopencv_flann.3.2.0.dylib */; };
		E30227FD1E967D8B00FF542C /* libopencv_highgui.3.2.0.dylib in Frameworks */ = {isa = PBXBuildFile; fileRef = E30227CD1E967D8B00FF542C /* libopencv_highgui.3.2.0.dylib */; };
		E30227FE1E967D8B00FF542C /* libopencv_highgui.3.2.0.dylib in Frameworks */ = {isa = PBXBuildFile; fileRef = E30227CE1E967D8B00FF542C /* libopencv_highgui.3.2.0.dylib */; };
		E30227FF1E967D8B00FF542C /* libopencv_highgui.3.2.0.dylib in Frameworks */ = {isa = PBXBuildFile; fileRef = E30227CF1E967D8B00FF542C /* libopencv_highgui.3.2.0.dylib */; };
		E30228001E967D8B00FF542C /* libopencv_imgcodecs.3.2.0.dylib in Frameworks */ = {isa = PBXBuildFile; fileRef = E30227D01E967D8B00FF542C /* libopencv_imgcodecs.3.2.0.dylib */; };
		E30228011E967D8B00FF542C /* libopencv_imgcodecs.3.2.0.dylib in Frameworks */ = {isa = PBXBuildFile; fileRef = E30227D11E967D8B00FF542C /* libopencv_imgcodecs.3.2.0.dylib */; };
		E30228021E967D8B00FF542C /* libopencv_imgcodecs.3.2.0.dylib in Frameworks */ = {isa = PBXBuildFile; fileRef = E30227D21E967D8B00FF542C /* libopencv_imgcodecs.3.2.0.dylib */; };
		E30228031E967D8B00FF542C /* libopencv_imgproc.3.2.0.dylib in Frameworks */ = {isa = PBXBuildFile; fileRef = E30227D31E967D8B00FF542C /* libopencv_imgproc.3.2.0.dylib */; };
		E30228041E967D8B00FF542C /* libopencv_imgproc.3.2.0.dylib in Frameworks */ = {isa = PBXBuildFile; fileRef = E30227D41E967D8B00FF542C /* libopencv_imgproc.3.2.0.dylib */; };
		E30228051E967D8B00FF542C /* libopencv_imgproc.3.2.0.dylib in Frameworks */ = {isa = PBXBuildFile; fileRef = E30227D51E967D8B00FF542C /* libopencv_imgproc.3.2.0.dylib */; };
		E30228061E967D8B00FF542C /* libopencv_ml.3.2.0.dylib in Frameworks */ = {isa = PBXBuildFile; fileRef = E30227D61E967D8B00FF542C /* libopencv_ml.3.2.0.dylib */; };
		E30228071E967D8B00FF542C /* libopencv_ml.3.2.0.dylib in Frameworks */ = {isa = PBXBuildFile; fileRef = E30227D71E967D8B00FF542C /* libopencv_ml.3.2.0.dylib */; };
		E30228081E967D8B00FF542C /* libopencv_ml.3.2.0.dylib in Frameworks */ = {isa = PBXBuildFile; fileRef = E30227D81E967D8B00FF542C /* libopencv_ml.3.2.0.dylib */; };
		E30228091E967D8B00FF542C /* libopencv_objdetect.3.2.0.dylib in Frameworks */ = {isa = PBXBuildFile; fileRef = E30227D91E967D8B00FF542C /* libopencv_objdetect.3.2.0.dylib */; };
		E302280A1E967D8B00FF542C /* libopencv_objdetect.3.2.0.dylib in Frameworks */ = {isa = PBXBuildFile; fileRef = E30227DA1E967D8B00FF542C /* libopencv_objdetect.3.2.0.dylib */; };
		E302280B1E967D8B00FF542C /* libopencv_objdetect.3.2.0.dylib in Frameworks */ = {isa = PBXBuildFile; fileRef = E30227DB1E967D8B00FF542C /* libopencv_objdetect.3.2.0.dylib */; };
		E302280C1E967D8B00FF542C /* libopencv_photo.3.2.0.dylib in Frameworks */ = {isa = PBXBuildFile; fileRef = E30227DC1E967D8B00FF542C /* libopencv_photo.3.2.0.dylib */; };
		E302280D1E967D8B00FF542C /* libopencv_photo.3.2.0.dylib in Frameworks */ = {isa = PBXBuildFile; fileRef = E30227DD1E967D8B00FF542C /* libopencv_photo.3.2.0.dylib */; };
		E302280E1E967D8B00FF542C /* libopencv_photo.3.2.0.dylib in Frameworks */ = {isa = PBXBuildFile; fileRef = E30227DE1E967D8B00FF542C /* libopencv_photo.3.2.0.dylib */; };
		E302280F1E967D8B00FF542C /* libopencv_shape.3.2.0.dylib in Frameworks */ = {isa = PBXBuildFile; fileRef = E30227DF1E967D8B00FF542C /* libopencv_shape.3.2.0.dylib */; };
		E30228101E967D8B00FF542C /* libopencv_shape.3.2.0.dylib in Frameworks */ = {isa = PBXBuildFile; fileRef = E30227E01E967D8B00FF542C /* libopencv_shape.3.2.0.dylib */; };
		E30228111E967D8B00FF542C /* libopencv_shape.3.2.0.dylib in Frameworks */ = {isa = PBXBuildFile; fileRef = E30227E11E967D8B00FF542C /* libopencv_shape.3.2.0.dylib */; };
		E30228121E967D8B00FF542C /* libopencv_stitching.3.2.0.dylib in Frameworks */ = {isa = PBXBuildFile; fileRef = E30227E21E967D8B00FF542C /* libopencv_stitching.3.2.0.dylib */; };
		E30228131E967D8B00FF542C /* libopencv_stitching.3.2.0.dylib in Frameworks */ = {isa = PBXBuildFile; fileRef = E30227E31E967D8B00FF542C /* libopencv_stitching.3.2.0.dylib */; };
		E30228141E967D8B00FF542C /* libopencv_stitching.3.2.0.dylib in Frameworks */ = {isa = PBXBuildFile; fileRef = E30227E41E967D8B00FF542C /* libopencv_stitching.3.2.0.dylib */; };
		E30228151E967D8B00FF542C /* libopencv_superres.3.2.0.dylib in Frameworks */ = {isa = PBXBuildFile; fileRef = E30227E51E967D8B00FF542C /* libopencv_superres.3.2.0.dylib */; };
		E30228161E967D8B00FF542C /* libopencv_superres.3.2.0.dylib in Frameworks */ = {isa = PBXBuildFile; fileRef = E30227E61E967D8B00FF542C /* libopencv_superres.3.2.0.dylib */; };
		E30228171E967D8B00FF542C /* libopencv_superres.3.2.0.dylib in Frameworks */ = {isa = PBXBuildFile; fileRef = E30227E71E967D8B00FF542C /* libopencv_superres.3.2.0.dylib */; };
		E30228181E967D8B00FF542C /* libopencv_video.3.2.0.dylib in Frameworks */ = {isa = PBXBuildFile; fileRef = E30227E81E967D8B00FF542C /* libopencv_video.3.2.0.dylib */; };
		E30228191E967D8B00FF542C /* libopencv_video.3.2.0.dylib in Frameworks */ = {isa = PBXBuildFile; fileRef = E30227E91E967D8B00FF542C /* libopencv_video.3.2.0.dylib */; };
		E302281A1E967D8B00FF542C /* libopencv_video.3.2.0.dylib in Frameworks */ = {isa = PBXBuildFile; fileRef = E30227EA1E967D8B00FF542C /* libopencv_video.3.2.0.dylib */; };
		E302281B1E967D8B00FF542C /* libopencv_videoio.3.2.0.dylib in Frameworks */ = {isa = PBXBuildFile; fileRef = E30227EB1E967D8B00FF542C /* libopencv_videoio.3.2.0.dylib */; };
		E302281C1E967D8B00FF542C /* libopencv_videoio.3.2.0.dylib in Frameworks */ = {isa = PBXBuildFile; fileRef = E30227EC1E967D8B00FF542C /* libopencv_videoio.3.2.0.dylib */; };
		E302281D1E967D8B00FF542C /* libopencv_videoio.3.2.0.dylib in Frameworks */ = {isa = PBXBuildFile; fileRef = E30227ED1E967D8B00FF542C /* libopencv_videoio.3.2.0.dylib */; };
		E302281E1E967D8B00FF542C /* libopencv_videostab.3.2.0.dylib in Frameworks */ = {isa = PBXBuildFile; fileRef = E30227EE1E967D8B00FF542C /* libopencv_videostab.3.2.0.dylib */; };
		E302281F1E967D8B00FF542C /* libopencv_videostab.3.2.0.dylib in Frameworks */ = {isa = PBXBuildFile; fileRef = E30227EF1E967D8B00FF542C /* libopencv_videostab.3.2.0.dylib */; };
		E30228201E967D8B00FF542C /* libopencv_videostab.3.2.0.dylib in Frameworks */ = {isa = PBXBuildFile; fileRef = E30227F01E967D8B00FF542C /* libopencv_videostab.3.2.0.dylib */; };
/* End PBXBuildFile section */

/* Begin PBXCopyFilesBuildPhase section */
		E30227B41E967D5300FF542C /* CopyFiles */ = {
			isa = PBXCopyFilesBuildPhase;
			buildActionMask = 2147483647;
			dstPath = /usr/share/man/man1/;
			dstSubfolderSpec = 0;
			files = (
			);
			runOnlyForDeploymentPostprocessing = 1;
		};
/* End PBXCopyFilesBuildPhase section */

/* Begin PBXFileReference section */
		E30227B61E967D5300FF542C /* TrackerHostSingleThread */ = {isa = PBXFileReference; explicitFileType = "compiled.mach-o.executable"; includeInIndex = 0; path = TrackerHostSingleThread; sourceTree = BUILT_PRODUCTS_DIR; };
		E30227B91E967D5300FF542C /* main.cpp */ = {isa = PBXFileReference; lastKnownFileType = sourcecode.cpp.cpp; path = main.cpp; sourceTree = "<group>"; };
		E30227C11E967D8B00FF542C /* libopencv_calib3d.3.2.0.dylib */ = {isa = PBXFileReference; lastKnownFileType = "compiled.mach-o.dylib"; path = libopencv_calib3d.3.2.0.dylib; sourceTree = "<group>"; };
		E30227C21E967D8B00FF542C /* libopencv_calib3d.3.2.0.dylib */ = {isa = PBXFileReference; lastKnownFileType = "compiled.mach-o.dylib"; path = libopencv_calib3d.3.2.0.dylib; sourceTree = "<group>"; };
		E30227C31E967D8B00FF542C /* libopencv_calib3d.3.2.0.dylib */ = {isa = PBXFileReference; lastKnownFileType = "compiled.mach-o.dylib"; path = libopencv_calib3d.3.2.0.dylib; sourceTree = "<group>"; };
		E30227C41E967D8B00FF542C /* libopencv_core.3.2.0.dylib */ = {isa = PBXFileReference; lastKnownFileType = "compiled.mach-o.dylib"; path = libopencv_core.3.2.0.dylib; sourceTree = "<group>"; };
		E30227C51E967D8B00FF542C /* libopencv_core.3.2.0.dylib */ = {isa = PBXFileReference; lastKnownFileType = "compiled.mach-o.dylib"; path = libopencv_core.3.2.0.dylib; sourceTree = "<group>"; };
		E30227C61E967D8B00FF542C /* libopencv_core.3.2.0.dylib */ = {isa = PBXFileReference; lastKnownFileType = "compiled.mach-o.dylib"; path = libopencv_core.3.2.0.dylib; sourceTree = "<group>"; };
		E30227C71E967D8B00FF542C /* libopencv_features2d.3.2.0.dylib */ = {isa = PBXFileReference; lastKnownFileType = "compiled.mach-o.dylib"; path = libopencv_features2d.3.2.0.dylib; sourceTree = "<group>"; };
		E30227C81E967D8B00FF542C /* libopencv_features2d.3.2.0.dylib */ = {isa = PBXFileReference; lastKnownFileType = "compiled.mach-o.dylib"; path = libopencv_features2d.3.2.0.dylib; sourceTree = "<group>"; };
		E30227C91E967D8B00FF542C /* libopencv_features2d.3.2.0.dylib */ = {isa = PBXFileReference; lastKnownFileType = "compiled.mach-o.dylib"; path = libopencv_features2d.3.2.0.dylib; sourceTree = "<group>"; };
		E30227CA1E967D8B00FF542C /* libopencv_flann.3.2.0.dylib */ = {isa = PBXFileReference; lastKnownFileType = "compiled.mach-o.dylib"; path = libopencv_flann.3.2.0.dylib; sourceTree = "<group>"; };
		E30227CB1E967D8B00FF542C /* libopencv_flann.3.2.0.dylib */ = {isa = PBXFileReference; lastKnownFileType = "compiled.mach-o.dylib"; path = libopencv_flann.3.2.0.dylib; sourceTree = "<group>"; };
		E30227CC1E967D8B00FF542C /* libopencv_flann.3.2.0.dylib */ = {isa = PBXFileReference; lastKnownFileType = "compiled.mach-o.dylib"; path = libopencv_flann.3.2.0.dylib; sourceTree = "<group>"; };
		E30227CD1E967D8B00FF542C /* libopencv_highgui.3.2.0.dylib */ = {isa = PBXFileReference; lastKnownFileType = "compiled.mach-o.dylib"; path = libopencv_highgui.3.2.0.dylib; sourceTree = "<group>"; };
		E30227CE1E967D8B00FF542C /* libopencv_highgui.3.2.0.dylib */ = {isa = PBXFileReference; lastKnownFileType = "compiled.mach-o.dylib"; path = libopencv_highgui.3.2.0.dylib; sourceTree = "<group>"; };
		E30227CF1E967D8B00FF542C /* libopencv_highgui.3.2.0.dylib */ = {isa = PBXFileReference; lastKnownFileType = "compiled.mach-o.dylib"; path = libopencv_highgui.3.2.0.dylib; sourceTree = "<group>"; };
		E30227D01E967D8B00FF542C /* libopencv_imgcodecs.3.2.0.dylib */ = {isa = PBXFileReference; lastKnownFileType = "compiled.mach-o.dylib"; path = libopencv_imgcodecs.3.2.0.dylib; sourceTree = "<group>"; };
		E30227D11E967D8B00FF542C /* libopencv_imgcodecs.3.2.0.dylib */ = {isa = PBXFileReference; lastKnownFileType = "compiled.mach-o.dylib"; path = libopencv_imgcodecs.3.2.0.dylib; sourceTree = "<group>"; };
		E30227D21E967D8B00FF542C /* libopencv_imgcodecs.3.2.0.dylib */ = {isa = PBXFileReference; lastKnownFileType = "compiled.mach-o.dylib"; path = libopencv_imgcodecs.3.2.0.dylib; sourceTree = "<group>"; };
		E30227D31E967D8B00FF542C /* libopencv_imgproc.3.2.0.dylib */ = {isa = PBXFileReference; lastKnownFileType = "compiled.mach-o.dylib"; path = libopencv_imgproc.3.2.0.dylib; sourceTree = "<group>"; };
		E30227D41E967D8B00FF542C /* libopencv_imgproc.3.2.0.dylib */ = {isa = PBXFileReference; lastKnownFileType = "compiled.mach-o.dylib"; path = libopencv_imgproc.3.2.0.dylib; sourceTree = "<group>"; };
		E30227D51E967D8B00FF542C /* libopencv_imgproc.3.2.0.dylib */ = {isa = PBXFileReference; lastKnownFileType = "compiled.mach-o.dylib"; path = libopencv_imgproc.3.2.0.dylib; sourceTree = "<group>"; };
		E30227D61E967D8B00FF542C /* libopencv_ml.3.2.0.dylib */ = {isa = PBXFileReference; lastKnownFileType = "compiled.mach-o.dylib"; path = libopencv_ml.3.2.0.dylib; sourceTree = "<group>"; };
		E30227D71E967D8B00FF542C /* libopencv_ml.3.2.0.dylib */ = {isa = PBXFileReference; lastKnownFileType = "compiled.mach-o.dylib"; path = libopencv_ml.3.2.0.dylib; sourceTree = "<group>"; };
		E30227D81E967D8B00FF542C /* libopencv_ml.3.2.0.dylib */ = {isa = PBXFileReference; lastKnownFileType = "compiled.mach-o.dylib"; path = libopencv_ml.3.2.0.dylib; sourceTree = "<group>"; };
		E30227D91E967D8B00FF542C /* libopencv_objdetect.3.2.0.dylib */ = {isa = PBXFileReference; lastKnownFileType = "compiled.mach-o.dylib"; path = libopencv_objdetect.3.2.0.dylib; sourceTree = "<group>"; };
		E30227DA1E967D8B00FF542C /* libopencv_objdetect.3.2.0.dylib */ = {isa = PBXFileReference; lastKnownFileType = "compiled.mach-o.dylib"; path = libopencv_objdetect.3.2.0.dylib; sourceTree = "<group>"; };
		E30227DB1E967D8B00FF542C /* libopencv_objdetect.3.2.0.dylib */ = {isa = PBXFileReference; lastKnownFileType = "compiled.mach-o.dylib"; path = libopencv_objdetect.3.2.0.dylib; sourceTree = "<group>"; };
		E30227DC1E967D8B00FF542C /* libopencv_photo.3.2.0.dylib */ = {isa = PBXFileReference; lastKnownFileType = "compiled.mach-o.dylib"; path = libopencv_photo.3.2.0.dylib; sourceTree = "<group>"; };
		E30227DD1E967D8B00FF542C /* libopencv_photo.3.2.0.dylib */ = {isa = PBXFileReference; lastKnownFileType = "compiled.mach-o.dylib"; path = libopencv_photo.3.2.0.dylib; sourceTree = "<group>"; };
		E30227DE1E967D8B00FF542C /* libopencv_photo.3.2.0.dylib */ = {isa = PBXFileReference; lastKnownFileType = "compiled.mach-o.dylib"; path = libopencv_photo.3.2.0.dylib; sourceTree = "<group>"; };
		E30227DF1E967D8B00FF542C /* libopencv_shape.3.2.0.dylib */ = {isa = PBXFileReference; lastKnownFileType = "compiled.mach-o.dylib"; path = libopencv_shape.3.2.0.dylib; sourceTree = "<group>"; };
		E30227E01E967D8B00FF542C /* libopencv_shape.3.2.0.dylib */ = {isa = PBXFileReference; lastKnownFileType = "compiled.mach-o.dylib"; path = libopencv_shape.3.2.0.dylib; sourceTree = "<group>"; };
		E30227E11E967D8B00FF542C /* libopencv_shape.3.2.0.dylib */ = {isa = PBXFileReference; lastKnownFileType = "compiled.mach-o.dylib"; path = libopencv_shape.3.2.0.dylib; sourceTree = "<group>"; };
		E30227E21E967D8B00FF542C /* libopencv_stitching.3.2.0.dylib */ = {isa = PBXFileReference; lastKnownFileType = "compiled.mach-o.dylib"; path = libopencv_stitching.3.2.0.dylib; sourceTree = "<group>"; };
		E30227E31E967D8B00FF542C /* libopencv_stitching.3.2.0.dylib */ = {isa = PBXFileReference; lastKnownFileType = "compiled.mach-o.dylib"; path = libopencv_stitching.3.2.0.dylib; sourceTree = "<group>"; };
		E30227E41E967D8B00FF542C /* libopencv_stitching.3.2.0.dylib */ = {isa = PBXFileReference; lastKnownFileType = "compiled.mach-o.dylib"; path = libopencv_stitching.3.2.0.dylib; sourceTree = "<group>"; };
		E30227E51E967D8B00FF542C /* libopencv_superres.3.2.0.dylib */ = {isa = PBXFileReference; lastKnownFileType = "compiled.mach-o.dylib"; path = libopencv_superres.3.2.0.dylib; sourceTree = "<group>"; };
		E30227E61E967D8B00FF542C /* libopencv_superres.3.2.0.dylib */ = {isa = PBXFileReference; lastKnownFileType = "compiled.mach-o.dylib"; path = libopencv_superres.3.2.0.dylib; sourceTree = "<group>"; };
		E30227E71E967D8B00FF542C /* libopencv_superres.3.2.0.dylib */ = {isa = PBXFileReference; lastKnownFileType = "compiled.mach-o.dylib"; path = libopencv_superres.3.2.0.dylib; sourceTree = "<group>"; };
		E30227E81E967D8B00FF542C /* libopencv_video.3.2.0.dylib */ = {isa = PBXFileReference; lastKnownFileType = "compiled.mach-o.dylib"; path = libopencv_video.3.2.0.dylib; sourceTree = "<group>"; };
		E30227E91E967D8B00FF542C /* libopencv_video.3.2.0.dylib */ = {isa = PBXFileReference; lastKnownFileType = "compiled.mach-o.dylib"; path = libopencv_video.3.2.0.dylib; sourceTree = "<group>"; };
		E30227EA1E967D8B00FF542C /* libopencv_video.3.2.0.dylib */ = {isa = PBXFileReference; lastKnownFileType = "compiled.mach-o.dylib"; path = libopencv_video.3.2.0.dylib; sourceTree = "<group>"; };
		E30227EB1E967D8B00FF542C /* libopencv_videoio.3.2.0.dylib */ = {isa = PBXFileReference; lastKnownFileType = "compiled.mach-o.dylib"; path = libopencv_videoio.3.2.0.dylib; sourceTree = "<group>"; };
		E30227EC1E967D8B00FF542C /* libopencv_videoio.3.2.0.dylib */ = {isa = PBXFileReference; lastKnownFileType = "compiled.mach-o.dylib"; path = libopencv_videoio.3.2.0.dylib; sourceTree = "<group>"; };
		E30227ED1E967D8B00FF542C /* libopencv_videoio.3.2.0.dylib */ = {isa = PBXFileReference; lastKnownFileType = "compiled.mach-o.dylib"; path = libopencv_videoio.3.2.0.dylib; sourceTree = "<group>"; };
		E30227EE1E967D8B00FF542C /* libopencv_videostab.3.2.0.dylib */ = {isa = PBXFileReference; lastKnownFileType = "compiled.mach-o.dylib"; path = libopencv_videostab.3.2.0.dylib; sourceTree = "<group>"; };
		E30227EF1E967D8B00FF542C /* libopencv_videostab.3.2.0.dylib */ = {isa = PBXFileReference; lastKnownFileType = "compiled.mach-o.dylib"; path = libopencv_videostab.3.2.0.dylib; sourceTree = "<group>"; };
		E30227F01E967D8B00FF542C /* libopencv_videostab.3.2.0.dylib */ = {isa = PBXFileReference; lastKnownFileType = "compiled.mach-o.dylib"; path = libopencv_videostab.3.2.0.dylib; sourceTree = "<group>"; };
/* End PBXFileReference section */

/* Begin PBXFrameworksBuildPhase section */
		E30227B31E967D5300FF542C /* Frameworks */ = {
			isa = PBXFrameworksBuildPhase;
			buildActionMask = 2147483647;
			files = (
				E302281F1E967D8B00FF542C /* libopencv_videostab.3.2.0.dylib in Frameworks */,
				E30227FA1E967D8B00FF542C /* libopencv_flann.3.2.0.dylib in Frameworks */,
				E30227F91E967D8B00FF542C /* libopencv_features2d.3.2.0.dylib in Frameworks */,
				E302281C1E967D8B00FF542C /* libopencv_videoio.3.2.0.dylib in Frameworks */,
				E30227FE1E967D8B00FF542C /* libopencv_highgui.3.2.0.dylib in Frameworks */,
				E30228081E967D8B00FF542C /* libopencv_ml.3.2.0.dylib in Frameworks */,
				E302280D1E967D8B00FF542C /* libopencv_photo.3.2.0.dylib in Frameworks */,
				E30228161E967D8B00FF542C /* libopencv_superres.3.2.0.dylib in Frameworks */,
				E30228131E967D8B00FF542C /* libopencv_stitching.3.2.0.dylib in Frameworks */,
				E302281E1E967D8B00FF542C /* libopencv_videostab.3.2.0.dylib in Frameworks */,
				E30228111E967D8B00FF542C /* libopencv_shape.3.2.0.dylib in Frameworks */,
				E30227FB1E967D8B00FF542C /* libopencv_flann.3.2.0.dylib in Frameworks */,
				E30227F11E967D8B00FF542C /* libopencv_calib3d.3.2.0.dylib in Frameworks */,
				E302281D1E967D8B00FF542C /* libopencv_videoio.3.2.0.dylib in Frameworks */,
				E302280E1E967D8B00FF542C /* libopencv_photo.3.2.0.dylib in Frameworks */,
				E30227F41E967D8B00FF542C /* libopencv_core.3.2.0.dylib in Frameworks */,
				E30227F31E967D8B00FF542C /* libopencv_calib3d.3.2.0.dylib in Frameworks */,
				E30228021E967D8B00FF542C /* libopencv_imgcodecs.3.2.0.dylib in Frameworks */,
				E30228201E967D8B00FF542C /* libopencv_videostab.3.2.0.dylib in Frameworks */,
				E302281A1E967D8B00FF542C /* libopencv_video.3.2.0.dylib in Frameworks */,
				E30227F61E967D8B00FF542C /* libopencv_core.3.2.0.dylib in Frameworks */,
				E30228151E967D8B00FF542C /* libopencv_superres.3.2.0.dylib in Frameworks */,
				E30228051E967D8B00FF542C /* libopencv_imgproc.3.2.0.dylib in Frameworks */,
				E30227F21E967D8B00FF542C /* libopencv_calib3d.3.2.0.dylib in Frameworks */,
				E30228101E967D8B00FF542C /* libopencv_shape.3.2.0.dylib in Frameworks */,
				E302280B1E967D8B00FF542C /* libopencv_objdetect.3.2.0.dylib in Frameworks */,
				E30228071E967D8B00FF542C /* libopencv_ml.3.2.0.dylib in Frameworks */,
				E302281B1E967D8B00FF542C /* libopencv_videoio.3.2.0.dylib in Frameworks */,
				E30228091E967D8B00FF542C /* libopencv_objdetect.3.2.0.dylib in Frameworks */,
				E30227FC1E967D8B00FF542C /* libopencv_flann.3.2.0.dylib in Frameworks */,
				E302280A1E967D8B00FF542C /* libopencv_objdetect.3.2.0.dylib in Frameworks */,
				E30228191E967D8B00FF542C /* libopencv_video.3.2.0.dylib in Frameworks */,
				E30227FF1E967D8B00FF542C /* libopencv_highgui.3.2.0.dylib in Frameworks */,
				E30228121E967D8B00FF542C /* libopencv_stitching.3.2.0.dylib in Frameworks */,
				E30228061E967D8B00FF542C /* libopencv_ml.3.2.0.dylib in Frameworks */,
				E30227FD1E967D8B00FF542C /* libopencv_highgui.3.2.0.dylib in Frameworks */,
				E30228171E967D8B00FF542C /* libopencv_superres.3.2.0.dylib in Frameworks */,
				E30227F51E967D8B00FF542C /* libopencv_core.3.2.0.dylib in Frameworks */,
				E30228031E967D8B00FF542C /* libopencv_imgproc.3.2.0.dylib in Frameworks */,
				E30228011E967D8B00FF542C /* libopencv_imgcodecs.3.2.0.dylib in Frameworks */,
				E302280C1E967D8B00FF542C /* libopencv_photo.3.2.0.dylib in Frameworks */,
				E30228141E967D8B00FF542C /* libopencv_stitching.3.2.0.dylib in Frameworks */,
				E30228041E967D8B00FF542C /* libopencv_imgproc.3.2.0.dylib in Frameworks */,
				E302280F1E967D8B00FF542C /* libopencv_shape.3.2.0.dylib in Frameworks */,
				E30228181E967D8B00FF542C /* libopencv_video.3.2.0.dylib in Frameworks */,
				E30227F81E967D8B00FF542C /* libopencv_features2d.3.2.0.dylib in Frameworks */,
				E30227F71E967D8B00FF542C /* libopencv_features2d.3.2.0.dylib in Frameworks */,
				E30228001E967D8B00FF542C /* libopencv_imgcodecs.3.2.0.dylib in Frameworks */,
			);
			runOnlyForDeploymentPostprocessing = 0;
		};
/* End PBXFrameworksBuildPhase section */

/* Begin PBXGroup section */
		E30227AD1E967D5300FF542C = {
			isa = PBXGroup;
			children = (
				E30227C01E967D6F00FF542C /* OpenCV Framework */,
				E30227B81E967D5300FF542C /* TrackerHostSingleThread */,
				E30227B71E967D5300FF542C /* Products */,
			);
			sourceTree = "<group>";
		};
		E30227B71E967D5300FF542C /* Products */ = {
			isa = PBXGroup;
			children = (
				E30227B61E967D5300FF542C /* TrackerHostSingleThread */,
			);
			name = Products;
			sourceTree = "<group>";
		};
		E30227B81E967D5300FF542C /* TrackerHostSingleThread */ = {
			isa = PBXGroup;
			children = (
				E30227B91E967D5300FF542C /* main.cpp */,
			);
			path = TrackerHostSingleThread;
			sourceTree = "<group>";
		};
		E30227C01E967D6F00FF542C /* OpenCV Framework */ = {
			isa = PBXGroup;
			children = (
				E30227C11E967D8B00FF542C /* libopencv_calib3d.3.2.0.dylib */,
				E30227C21E967D8B00FF542C /* libopencv_calib3d.3.2.0.dylib */,
				E30227C31E967D8B00FF542C /* libopencv_calib3d.3.2.0.dylib */,
				E30227C41E967D8B00FF542C /* libopencv_core.3.2.0.dylib */,
				E30227C51E967D8B00FF542C /* libopencv_core.3.2.0.dylib */,
				E30227C61E967D8B00FF542C /* libopencv_core.3.2.0.dylib */,
				E30227C71E967D8B00FF542C /* libopencv_features2d.3.2.0.dylib */,
				E30227C81E967D8B00FF542C /* libopencv_features2d.3.2.0.dylib */,
				E30227C91E967D8B00FF542C /* libopencv_features2d.3.2.0.dylib */,
				E30227CA1E967D8B00FF542C /* libopencv_flann.3.2.0.dylib */,
				E30227CB1E967D8B00FF542C /* libopencv_flann.3.2.0.dylib */,
				E30227CC1E967D8B00FF542C /* libopencv_flann.3.2.0.dylib */,
				E30227CD1E967D8B00FF542C /* libopencv_highgui.3.2.0.dylib */,
				E30227CE1E967D8B00FF542C /* libopencv_highgui.3.2.0.dylib */,
				E30227CF1E967D8B00FF542C /* libopencv_highgui.3.2.0.dylib */,
				E30227D01E967D8B00FF542C /* libopencv_imgcodecs.3.2.0.dylib */,
				E30227D11E967D8B00FF542C /* libopencv_imgcodecs.3.2.0.dylib */,
				E30227D21E967D8B00FF542C /* libopencv_imgcodecs.3.2.0.dylib */,
				E30227D31E967D8B00FF542C /* libopencv_imgproc.3.2.0.dylib */,
				E30227D41E967D8B00FF542C /* libopencv_imgproc.3.2.0.dylib */,
				E30227D51E967D8B00FF542C /* libopencv_imgproc.3.2.0.dylib */,
				E30227D61E967D8B00FF542C /* libopencv_ml.3.2.0.dylib */,
				E30227D71E967D8B00FF542C /* libopencv_ml.3.2.0.dylib */,
				E30227D81E967D8B00FF542C /* libopencv_ml.3.2.0.dylib */,
				E30227D91E967D8B00FF542C /* libopencv_objdetect.3.2.0.dylib */,
				E30227DA1E967D8B00FF542C /* libopencv_objdetect.3.2.0.dylib */,
				E30227DB1E967D8B00FF542C /* libopencv_objdetect.3.2.0.dylib */,
				E30227DC1E967D8B00FF542C /* libopencv_photo.3.2.0.dylib */,
				E30227DD1E967D8B00FF542C /* libopencv_photo.3.2.0.dylib */,
				E30227DE1E967D8B00FF542C /* libopencv_photo.3.2.0.dylib */,
				E30227DF1E967D8B00FF542C /* libopencv_shape.3.2.0.dylib */,
				E30227E01E967D8B00FF542C /* libopencv_shape.3.2.0.dylib */,
				E30227E11E967D8B00FF542C /* libopencv_shape.3.2.0.dylib */,
				E30227E21E967D8B00FF542C /* libopencv_stitching.3.2.0.dylib */,
				E30227E31E967D8B00FF542C /* libopencv_stitching.3.2.0.dylib */,
				E30227E41E967D8B00FF542C /* libopencv_stitching.3.2.0.dylib */,
				E30227E51E967D8B00FF542C /* libopencv_superres.3.2.0.dylib */,
				E30227E61E967D8B00FF542C /* libopencv_superres.3.2.0.dylib */,
				E30227E71E967D8B00FF542C /* libopencv_superres.3.2.0.dylib */,
				E30227E81E967D8B00FF542C /* libopencv_video.3.2.0.dylib */,
				E30227E91E967D8B00FF542C /* libopencv_video.3.2.0.dylib */,
				E30227EA1E967D8B00FF542C /* libopencv_video.3.2.0.dylib */,
				E30227EB1E967D8B00FF542C /* libopencv_videoio.3.2.0.dylib */,
				E30227EC1E967D8B00FF542C /* libopencv_videoio.3.2.0.dylib */,
				E30227ED1E967D8B00FF542C /* libopencv_videoio.3.2.0.dylib */,
				E30227EE1E967D8B00FF542C /* libopencv_videostab.3.2.0.dylib */,
				E30227EF1E967D8B00FF542C /* libopencv_videostab.3.2.0.dylib */,
				E30227F01E967D8B00FF542C /* libopencv_videostab.3.2.0.dylib */,
			);
			name = "OpenCV Framework";
			sourceTree = "<group>";
		};
/* End PBXGroup section */

/* Begin PBXNativeTarget section */
		E30227B51E967D5300FF542C /* TrackerHostSingleThread */ = {
			isa = PBXNativeTarget;
			buildConfigurationList = E30227BD1E967D5300FF542C /* Build configuration list for PBXNativeTarget "TrackerHostSingleThread" */;
			buildPhases = (
				E30227B21E967D5300FF542C /* Sources */,
				E30227B31E967D5300FF542C /* Frameworks */,
				E30227B41E967D5300FF542C /* CopyFiles */,
			);
			buildRules = (
			);
			dependencies = (
			);
			name = TrackerHostSingleThread;
			productName = TrackerHostSingleThread;
			productReference = E30227B61E967D5300FF542C /* TrackerHostSingleThread */;
			productType = "com.apple.product-type.tool";
		};
/* End PBXNativeTarget section */

/* Begin PBXProject section */
		E30227AE1E967D5300FF542C /* Project object */ = {
			isa = PBXProject;
			attributes = {
				LastUpgradeCheck = 0830;
				ORGANIZATIONNAME = "Ryan Yates";
				TargetAttributes = {
					E30227B51E967D5300FF542C = {
						CreatedOnToolsVersion = 8.3;
						ProvisioningStyle = Automatic;
					};
				};
			};
			buildConfigurationList = E30227B11E967D5300FF542C /* Build configuration list for PBXProject "TrackerHostSingleThread" */;
			compatibilityVersion = "Xcode 3.2";
			developmentRegion = English;
			hasScannedForEncodings = 0;
			knownRegions = (
				en,
			);
			mainGroup = E30227AD1E967D5300FF542C;
			productRefGroup = E30227B71E967D5300FF542C /* Products */;
			projectDirPath = "";
			projectRoot = "";
			targets = (
				E30227B51E967D5300FF542C /* TrackerHostSingleThread */,
			);
		};
/* End PBXProject section */

/* Begin PBXSourcesBuildPhase section */
		E30227B21E967D5300FF542C /* Sources */ = {
			isa = PBXSourcesBuildPhase;
			buildActionMask = 2147483647;
			files = (
				E30227BA1E967D5300FF542C /* main.cpp in Sources */,
			);
			runOnlyForDeploymentPostprocessing = 0;
		};
/* End PBXSourcesBuildPhase section */

/* Begin XCBuildConfiguration section */
		E30227BB1E967D5300FF542C /* Debug */ = {
			isa = XCBuildConfiguration;
			buildSettings = {
				ALWAYS_SEARCH_USER_PATHS = NO;
				CLANG_ANALYZER_NONNULL = YES;
				CLANG_ANALYZER_NUMBER_OBJECT_CONVERSION = YES_AGGRESSIVE;
				CLANG_CXX_LANGUAGE_STANDARD = "gnu++0x";
				CLANG_CXX_LIBRARY = "libc++";
				CLANG_ENABLE_MODULES = YES;
				CLANG_ENABLE_OBJC_ARC = YES;
				CLANG_WARN_BOOL_CONVERSION = YES;
				CLANG_WARN_CONSTANT_CONVERSION = YES;
				CLANG_WARN_DIRECT_OBJC_ISA_USAGE = YES_ERROR;
				CLANG_WARN_DOCUMENTATION_COMMENTS = YES;
				CLANG_WARN_EMPTY_BODY = YES;
				CLANG_WARN_ENUM_CONVERSION = YES;
				CLANG_WARN_INFINITE_RECURSION = YES;
				CLANG_WARN_INT_CONVERSION = YES;
				CLANG_WARN_OBJC_ROOT_CLASS = YES_ERROR;
				CLANG_WARN_SUSPICIOUS_MOVE = YES;
				CLANG_WARN_UNREACHABLE_CODE = YES;
				CLANG_WARN__DUPLICATE_METHOD_MATCH = YES;
				CODE_SIGN_IDENTITY = "-";
				COPY_PHASE_STRIP = NO;
				DEBUG_INFORMATION_FORMAT = dwarf;
				ENABLE_STRICT_OBJC_MSGSEND = YES;
				ENABLE_TESTABILITY = YES;
				GCC_C_LANGUAGE_STANDARD = gnu99;
				GCC_DYNAMIC_NO_PIC = NO;
				GCC_NO_COMMON_BLOCKS = YES;
				GCC_OPTIMIZATION_LEVEL = 0;
				GCC_PREPROCESSOR_DEFINITIONS = (
					"DEBUG=1",
					"$(inherited)",
				);
				GCC_WARN_64_TO_32_BIT_CONVERSION = YES;
				GCC_WARN_ABOUT_RETURN_TYPE = YES_ERROR;
				GCC_WARN_UNDECLARED_SELECTOR = YES;
				GCC_WARN_UNINITIALIZED_AUTOS = YES_AGGRESSIVE;
				GCC_WARN_UNUSED_FUNCTION = YES;
				GCC_WARN_UNUSED_VARIABLE = YES;
				MACOSX_DEPLOYMENT_TARGET = 10.12;
				MTL_ENABLE_DEBUG_INFO = YES;
				ONLY_ACTIVE_ARCH = YES;
				SDKROOT = macosx;
			};
			name = Debug;
		};
		E30227BC1E967D5300FF542C /* Release */ = {
			isa = XCBuildConfiguration;
			buildSettings = {
				ALWAYS_SEARCH_USER_PATHS = NO;
				CLANG_ANALYZER_NONNULL = YES;
				CLANG_ANALYZER_NUMBER_OBJECT_CONVERSION = YES_AGGRESSIVE;
				CLANG_CXX_LANGUAGE_STANDARD = "gnu++0x";
				CLANG_CXX_LIBRARY = "libc++";
				CLANG_ENABLE_MODULES = YES;
				CLANG_ENABLE_OBJC_ARC = YES;
				CLANG_WARN_BOOL_CONVERSION = YES;
				CLANG_WARN_CONSTANT_CONVERSION = YES;
				CLANG_WARN_DIRECT_OBJC_ISA_USAGE = YES_ERROR;
				CLANG_WARN_DOCUMENTATION_COMMENTS = YES;
				CLANG_WARN_EMPTY_BODY = YES;
				CLANG_WARN_ENUM_CONVERSION = YES;
				CLANG_WARN_INFINITE_RECURSION = YES;
				CLANG_WARN_INT_CONVERSION = YES;
				CLANG_WARN_OBJC_ROOT_CLASS = YES_ERROR;
				CLANG_WARN_SUSPICIOUS_MOVE = YES;
				CLANG_WARN_UNREACHABLE_CODE = YES;
				CLANG_WARN__DUPLICATE_METHOD_MATCH = YES;
				CODE_SIGN_IDENTITY = "-";
				COPY_PHASE_STRIP = NO;
				DEBUG_INFORMATION_FORMAT = "dwarf-with-dsym";
				ENABLE_NS_ASSERTIONS = NO;
				ENABLE_STRICT_OBJC_MSGSEND = YES;
				GCC_C_LANGUAGE_STANDARD = gnu99;
				GCC_NO_COMMON_BLOCKS = YES;
				GCC_WARN_64_TO_32_BIT_CONVERSION = YES;
				GCC_WARN_ABOUT_RETURN_TYPE = YES_ERROR;
				GCC_WARN_UNDECLARED_SELECTOR = YES;
				GCC_WARN_UNINITIALIZED_AUTOS = YES_AGGRESSIVE;
				GCC_WARN_UNUSED_FUNCTION = YES;
				GCC_WARN_UNUSED_VARIABLE = YES;
				MACOSX_DEPLOYMENT_TARGET = 10.12;
				MTL_ENABLE_DEBUG_INFO = NO;
				SDKROOT = macosx;
			};
			name = Release;
		};
		E30227BE1E967D5300FF542C /* Debug */ = {
			isa = XCBuildConfiguration;
			buildSettings = {
				CLANG_WARN_DOCUMENTATION_COMMENTS = NO;
				CLANG_WARN_UNREACHABLE_CODE = NO;
				HEADER_SEARCH_PATHS = /usr/local/include;
				LIBRARY_SEARCH_PATHS = (
					"$(inherited)",
					"$(PROJECT_DIR)",
				);
				PRODUCT_NAME = "$(TARGET_NAME)";
			};
			name = Debug;
		};
		E30227BF1E967D5300FF542C /* Release */ = {
			isa = XCBuildConfiguration;
			buildSettings = {
				CLANG_WARN_DOCUMENTATION_COMMENTS = NO;
				CLANG_WARN_UNREACHABLE_CODE = NO;
				HEADER_SEARCH_PATHS = /usr/local/include;
				LIBRARY_SEARCH_PATHS = (
					"$(inherited)",
					"$(PROJECT_DIR)",
				);
				PRODUCT_NAME = "$(TARGET_NAME)";
			};
			name = Release;
		};
/* End XCBuildConfiguration section */

/* Begin XCConfigurationList section */
		E30227B11E967D5300FF542C /* Build configuration list for PBXProject "TrackerHostSingleThread" */ = {
			isa = XCConfigurationList;
			buildConfigurations = (
				E30227BB1E967D5300FF542C /* Debug */,
				E30227BC1E967D5300FF542C /* Release */,
			);
			defaultConfigurationIsVisible = 0;
			defaultConfigurationName = Release;
		};
		E30227BD1E967D5300FF542C /* Build configuration list for PBXNativeTarget "TrackerHostSingleThread" */ = {
			isa = XCConfigurationList;
			buildConfigurations = (
				E30227BE1E967D5300FF542C /* Debug */,
				E30227BF1E967D5300FF542C /* Release */,
			);
			defaultConfigurationIsVisible = 0;
		};
/* End XCConfigurationList section */
	};
	rootObject = E30227AE1E967D5300FF542C /* Project object */;
}
